{
  "name": "family-smart-agent",
  "lockfileVersion": 3,
  "requires": true,
  "packages": {
    "": {
      "dependencies": {
        "ts-fsrs": "^5.3.2"
      }
    },
    "node_modules/ts-fsrs": {
      "version": "5.3.2",
      "resolved": "https://registry.npmjs.org/ts-fsrs/-/ts-fsrs-5.3.2.tgz",
      "integrity": "sha512-moJJfYAeG9ynyyGCNaQPUloi0sspTMHFtgCvsx2wDchELu3O2c513/7fp+6PxsGth0ztxNjEtG8d85gX4ce0og==",
      "license": "MIT",
      "engines": {
        "node": ">=20.0.0"
      }
    }
  }
}
